// !$*UTF8*$!
{
	archiveVersion = 1;
	classes = {
	};
	objectVersion = 46;
	objects = {

/* Begin PBXBuildFile section */
		0E66EA5F1860C87C820B83D72A85D572 /* Foundation.framework in Frameworks */ = {isa = PBXBuildFile; fileRef = 5A16F4CFC63FAC439D7A04994F579A03 /* Foundation.framework */; };
		2040B3FFA47F09E1A705C0529DFF170D /* Foundation.framework in Frameworks */ = {isa = PBXBuildFile; fileRef = 5A16F4CFC63FAC439D7A04994F579A03 /* Foundation.framework */; };
		2F3FFF8C214C21AD00F712E3 /* AnimationRunner.swift in Sources */ = {isa = PBXBuildFile; fileRef = 2F3FFF8B214C21AD00F712E3 /* AnimationRunner.swift */; };
		415206013F7FF03F8D31B81049B1C7EA /* UIView+Disco.swift in Sources */ = {isa = PBXBuildFile; fileRef = 6CA03116E3B2CF088CED7033F737A4F4 /* UIView+Disco.swift */; };
		54DC54274ED62C741B41DDEDD5154163 /* Pods-Disco_Example-umbrella.h in Headers */ = {isa = PBXBuildFile; fileRef = 1CCDAE0BD1691C837C1820BDF5AC8D61 /* Pods-Disco_Example-umbrella.h */; settings = {ATTRIBUTES = (Public, ); }; };
		762A914C8DC92736E37E786F9EA5B947 /* Pods-Disco_Example-dummy.m in Sources */ = {isa = PBXBuildFile; fileRef = 4BD808F7E6FC468AF823F10896E57926 /* Pods-Disco_Example-dummy.m */; };
		8752D0BE4D2A018341FF2C626B6FC8A6 /* Pods-Disco_Tests-umbrella.h in Headers */ = {isa = PBXBuildFile; fileRef = 3AC6AC19C4EAAF32462DDEBF464E9A8F /* Pods-Disco_Tests-umbrella.h */; settings = {ATTRIBUTES = (Public, ); }; };
		8AC726C52379BD882F38342CE01E1201 /* Disco-umbrella.h in Headers */ = {isa = PBXBuildFile; fileRef = C3B0C270BD2337DEC80246F41E6594C1 /* Disco-umbrella.h */; settings = {ATTRIBUTES = (Public, ); }; };
		B6DBE0AFE580935EB5B027503CEC1922 /* Pods-Disco_Tests-dummy.m in Sources */ = {isa = PBXBuildFile; fileRef = CF9529092E7222CB8FEC9FC9F1FD8AF9 /* Pods-Disco_Tests-dummy.m */; };
		EF298A455759CA7A5A67D1D08671090F /* Disco-dummy.m in Sources */ = {isa = PBXBuildFile; fileRef = 77EE356DBD4280D7EF46EC5EC62F3076 /* Disco-dummy.m */; };
		F0EB202CE7B896786B27F5D52AF87E8F /* Disco.swift in Sources */ = {isa = PBXBuildFile; fileRef = C931986C67D6DA0483D1171FA1E8A73B /* Disco.swift */; };
		FE2C09D006F3039FA0CB7E7C432A34AA /* Foundation.framework in Frameworks */ = {isa = PBXBuildFile; fileRef = 5A16F4CFC63FAC439D7A04994F579A03 /* Foundation.framework */; };
/* End PBXBuildFile section */

/* Begin PBXContainerItemProxy section */
		B04E9B853869214B510FABA7EFA7E13B /* PBXContainerItemProxy */ = {
			isa = PBXContainerItemProxy;
			containerPortal = D41D8CD98F00B204E9800998ECF8427E /* Project object */;
			proxyType = 1;
			remoteGlobalIDString = 0CB7A24973F613CD38BF687C9AA54DB7;
			remoteInfo = Disco;
		};
		C677708960A41064895ED0336E997D03 /* PBXContainerItemProxy */ = {
			isa = PBXContainerItemProxy;
			containerPortal = D41D8CD98F00B204E9800998ECF8427E /* Project object */;
			proxyType = 1;
			remoteGlobalIDString = 369F5754DDCE2A6A8B7532AC5838634C;
			remoteInfo = "Pods-Disco_Example";
		};
/* End PBXContainerItemProxy section */

/* Begin PBXFileReference section */
		077A446646524A0AB03912CAB437AF8A /* Disco.xcconfig */ = {isa = PBXFileReference; includeInIndex = 1; lastKnownFileType = text.xcconfig; path = Disco.xcconfig; sourceTree = "<group>"; };
		133D3FE9614210BAE21D01C7A0BCB976 /* Pods-Disco_Tests-resources.sh */ = {isa = PBXFileReference; includeInIndex = 1; lastKnownFileType = text.script.sh; path = "Pods-Disco_Tests-resources.sh"; sourceTree = "<group>"; };
		1CCDAE0BD1691C837C1820BDF5AC8D61 /* Pods-Disco_Example-umbrella.h */ = {isa = PBXFileReference; includeInIndex = 1; lastKnownFileType = sourcecode.c.h; path = "Pods-Disco_Example-umbrella.h"; sourceTree = "<group>"; };
		1D05EA969E4283219C5662F2FB375868 /* Pods-Disco_Tests-acknowledgements.markdown */ = {isa = PBXFileReference; includeInIndex = 1; lastKnownFileType = text; path = "Pods-Disco_Tests-acknowledgements.markdown"; sourceTree = "<group>"; };
		2716CF7FE251D4D3CF1CDA4164FBB974 /* Pods-Disco_Tests.modulemap */ = {isa = PBXFileReference; includeInIndex = 1; lastKnownFileType = sourcecode.module; path = "Pods-Disco_Tests.modulemap"; sourceTree = "<group>"; };
		2F3FFF8B214C21AD00F712E3 /* AnimationRunner.swift */ = {isa = PBXFileReference; lastKnownFileType = sourcecode.swift; name = AnimationRunner.swift; path = Disco/Classes/AnimationRunner.swift; sourceTree = "<group>"; };
		3AC6AC19C4EAAF32462DDEBF464E9A8F /* Pods-Disco_Tests-umbrella.h */ = {isa = PBXFileReference; includeInIndex = 1; lastKnownFileType = sourcecode.c.h; path = "Pods-Disco_Tests-umbrella.h"; sourceTree = "<group>"; };
		3F73F5669F3F88400D6480345FA488ED /* Pods-Disco_Example-resources.sh */ = {isa = PBXFileReference; includeInIndex = 1; lastKnownFileType = text.script.sh; path = "Pods-Disco_Example-resources.sh"; sourceTree = "<group>"; };
		440AC68070F9B2AE737CB5FE2B57437D /* README.md */ = {isa = PBXFileReference; includeInIndex = 1; lastKnownFileType = net.daringfireball.markdown; path = README.md; sourceTree = "<group>"; };
		4BD808F7E6FC468AF823F10896E57926 /* Pods-Disco_Example-dummy.m */ = {isa = PBXFileReference; includeInIndex = 1; lastKnownFileType = sourcecode.c.objc; path = "Pods-Disco_Example-dummy.m"; sourceTree = "<group>"; };
		4D4A02D33BC7731B021F4B8CCF4385F4 /* Pods_Disco_Example.framework */ = {isa = PBXFileReference; explicitFileType = wrapper.framework; includeInIndex = 0; path = Pods_Disco_Example.framework; sourceTree = BUILT_PRODUCTS_DIR; };
		58EB1BD4161C028B13C92C70F3E49452 /* Info.plist */ = {isa = PBXFileReference; includeInIndex = 1; lastKnownFileType = text.plist.xml; path = Info.plist; sourceTree = "<group>"; };
		5A16F4CFC63FAC439D7A04994F579A03 /* Foundation.framework */ = {isa = PBXFileReference; lastKnownFileType = wrapper.framework; name = Foundation.framework; path = Platforms/iPhoneOS.platform/Developer/SDKs/iPhoneOS11.3.sdk/System/Library/Frameworks/Foundation.framework; sourceTree = DEVELOPER_DIR; };
		5B6EB833165CD763C08FE0FDB7EA7AB4 /* Pods-Disco_Example.modulemap */ = {isa = PBXFileReference; includeInIndex = 1; lastKnownFileType = sourcecode.module; path = "Pods-Disco_Example.modulemap"; sourceTree = "<group>"; };
		6A32ADB38E1E6396A23658116DCB757C /* Pods-Disco_Tests.release.xcconfig */ = {isa = PBXFileReference; includeInIndex = 1; lastKnownFileType = text.xcconfig; path = "Pods-Disco_Tests.release.xcconfig"; sourceTree = "<group>"; };
		6BE040F6CA2FCC63CAEF160D65391A60 /* LICENSE */ = {isa = PBXFileReference; includeInIndex = 1; lastKnownFileType = text; path = LICENSE; sourceTree = "<group>"; };
		6CA03116E3B2CF088CED7033F737A4F4 /* UIView+Disco.swift */ = {isa = PBXFileReference; includeInIndex = 1; lastKnownFileType = sourcecode.swift; name = "UIView+Disco.swift"; path = "Disco/Classes/UIView+Disco.swift"; sourceTree = "<group>"; };
		7704FEA23F1B80F98EC24F6ADB1C37C7 /* Pods-Disco_Tests-acknowledgements.plist */ = {isa = PBXFileReference; includeInIndex = 1; lastKnownFileType = text.plist.xml; path = "Pods-Disco_Tests-acknowledgements.plist"; sourceTree = "<group>"; };
		77EE356DBD4280D7EF46EC5EC62F3076 /* Disco-dummy.m */ = {isa = PBXFileReference; includeInIndex = 1; lastKnownFileType = sourcecode.c.objc; path = "Disco-dummy.m"; sourceTree = "<group>"; };
		8A427F2A148CFD741E98DA2DB68E5084 /* Disco-prefix.pch */ = {isa = PBXFileReference; includeInIndex = 1; lastKnownFileType = sourcecode.c.h; path = "Disco-prefix.pch"; sourceTree = "<group>"; };
		925E0D8A0C008E7AE74887271884FFBB /* Pods-Disco_Example.debug.xcconfig */ = {isa = PBXFileReference; includeInIndex = 1; lastKnownFileType = text.xcconfig; path = "Pods-Disco_Example.debug.xcconfig"; sourceTree = "<group>"; };
		93A4A3777CF96A4AAC1D13BA6DCCEA73 /* Podfile */ = {isa = PBXFileReference; explicitFileType = text.script.ruby; includeInIndex = 1; name = Podfile; path = ../Podfile; sourceTree = SOURCE_ROOT; xcLanguageSpecificationIdentifier = xcode.lang.ruby; };
		98E78900975D408E82F006340B45388F /* Info.plist */ = {isa = PBXFileReference; includeInIndex = 1; lastKnownFileType = text.plist.xml; path = Info.plist; sourceTree = "<group>"; };
		99A9ED05D0C390F974C0B7FCE51AB70D /* Pods-Disco_Example.release.xcconfig */ = {isa = PBXFileReference; includeInIndex = 1; lastKnownFileType = text.xcconfig; path = "Pods-Disco_Example.release.xcconfig"; sourceTree = "<group>"; };
		9A842EB5BD9A82C599C8F2B5695BE178 /* Pods-Disco_Example-acknowledgements.markdown */ = {isa = PBXFileReference; includeInIndex = 1; lastKnownFileType = text; path = "Pods-Disco_Example-acknowledgements.markdown"; sourceTree = "<group>"; };
		AAE410360D5CE329DB671CFFE673B9C2 /* Disco.podspec */ = {isa = PBXFileReference; explicitFileType = text.script.ruby; includeInIndex = 1; path = Disco.podspec; sourceTree = "<group>"; xcLanguageSpecificationIdentifier = xcode.lang.ruby; };
		BC8E77EAFAA326ACC0BF482561881B74 /* Disco.framework */ = {isa = PBXFileReference; explicitFileType = wrapper.framework; includeInIndex = 0; path = Disco.framework; sourceTree = BUILT_PRODUCTS_DIR; };
		C3B0C270BD2337DEC80246F41E6594C1 /* Disco-umbrella.h */ = {isa = PBXFileReference; includeInIndex = 1; lastKnownFileType = sourcecode.c.h; path = "Disco-umbrella.h"; sourceTree = "<group>"; };
		C931986C67D6DA0483D1171FA1E8A73B /* Disco.swift */ = {isa = PBXFileReference; includeInIndex = 1; lastKnownFileType = sourcecode.swift; name = Disco.swift; path = Disco/Classes/Disco.swift; sourceTree = "<group>"; };
		C96C5F914851A43235F7BCCF130DC771 /* Pods-Disco_Example-acknowledgements.plist */ = {isa = PBXFileReference; includeInIndex = 1; lastKnownFileType = text.plist.xml; path = "Pods-Disco_Example-acknowledgements.plist"; sourceTree = "<group>"; };
		CDA9DFE6FFC82C60D9E6F8C00E35C6B3 /* Disco.modulemap */ = {isa = PBXFileReference; includeInIndex = 1; lastKnownFileType = sourcecode.module; path = Disco.modulemap; sourceTree = "<group>"; };
		CF9529092E7222CB8FEC9FC9F1FD8AF9 /* Pods-Disco_Tests-dummy.m */ = {isa = PBXFileReference; includeInIndex = 1; lastKnownFileType = sourcecode.c.objc; path = "Pods-Disco_Tests-dummy.m"; sourceTree = "<group>"; };
		D06CB3E377FC3EB7A881867E207A898C /* Pods-Disco_Tests.debug.xcconfig */ = {isa = PBXFileReference; includeInIndex = 1; lastKnownFileType = text.xcconfig; path = "Pods-Disco_Tests.debug.xcconfig"; sourceTree = "<group>"; };
		D6A1828A8E37E9AFB23B423711518205 /* Pods-Disco_Tests-frameworks.sh */ = {isa = PBXFileReference; includeInIndex = 1; lastKnownFileType = text.script.sh; path = "Pods-Disco_Tests-frameworks.sh"; sourceTree = "<group>"; };
		E6BA98457E62A5E1AC2BC514A99FCCEA /* Info.plist */ = {isa = PBXFileReference; includeInIndex = 1; lastKnownFileType = text.plist.xml; path = Info.plist; sourceTree = "<group>"; };
		E7FB337732536D9AC1FCB98E2EEF51D5 /* Pods_Disco_Tests.framework */ = {isa = PBXFileReference; explicitFileType = wrapper.framework; includeInIndex = 0; path = Pods_Disco_Tests.framework; sourceTree = BUILT_PRODUCTS_DIR; };
		FDA2A469908CFCD44F5DA6E1593AE276 /* Pods-Disco_Example-frameworks.sh */ = {isa = PBXFileReference; includeInIndex = 1; lastKnownFileType = text.script.sh; path = "Pods-Disco_Example-frameworks.sh"; sourceTree = "<group>"; };
/* End PBXFileReference section */

/* Begin PBXFrameworksBuildPhase section */
		6863C53E674CF60E6D306347383A6BB7 /* Frameworks */ = {
			isa = PBXFrameworksBuildPhase;
			buildActionMask = 2147483647;
			files = (
				FE2C09D006F3039FA0CB7E7C432A34AA /* Foundation.framework in Frameworks */,
			);
			runOnlyForDeploymentPostprocessing = 0;
		};
		BE9B8F79329740178037A9647405E653 /* Frameworks */ = {
			isa = PBXFrameworksBuildPhase;
			buildActionMask = 2147483647;
			files = (
				0E66EA5F1860C87C820B83D72A85D572 /* Foundation.framework in Frameworks */,
			);
			runOnlyForDeploymentPostprocessing = 0;
		};
		DDB62C1677A3C48696B8875DE16065AC /* Frameworks */ = {
			isa = PBXFrameworksBuildPhase;
			buildActionMask = 2147483647;
			files = (
				2040B3FFA47F09E1A705C0529DFF170D /* Foundation.framework in Frameworks */,
			);
			runOnlyForDeploymentPostprocessing = 0;
		};
/* End PBXFrameworksBuildPhase section */

/* Begin PBXGroup section */
		13031997B369DE61451FCF33BA1FE8C3 /* Support Files */ = {
			isa = PBXGroup;
			children = (
				CDA9DFE6FFC82C60D9E6F8C00E35C6B3 /* Disco.modulemap */,
				077A446646524A0AB03912CAB437AF8A /* Disco.xcconfig */,
				77EE356DBD4280D7EF46EC5EC62F3076 /* Disco-dummy.m */,
				8A427F2A148CFD741E98DA2DB68E5084 /* Disco-prefix.pch */,
				C3B0C270BD2337DEC80246F41E6594C1 /* Disco-umbrella.h */,
				58EB1BD4161C028B13C92C70F3E49452 /* Info.plist */,
			);
			name = "Support Files";
			path = "Example/Pods/Target Support Files/Disco";
			sourceTree = "<group>";
		};
		13D2B4064E3A257F0475FD7EC7C6C95C /* Development Pods */ = {
			isa = PBXGroup;
			children = (
				441A0EE04CDDDEA20F6735071FBFB301 /* Disco */,
			);
			name = "Development Pods";
			sourceTree = "<group>";
		};
		145DFB9B1F153061A75D34D2EBBF600D /* Products */ = {
			isa = PBXGroup;
			children = (
				BC8E77EAFAA326ACC0BF482561881B74 /* Disco.framework */,
				4D4A02D33BC7731B021F4B8CCF4385F4 /* Pods_Disco_Example.framework */,
				E7FB337732536D9AC1FCB98E2EEF51D5 /* Pods_Disco_Tests.framework */,
			);
			name = Products;
			sourceTree = "<group>";
		};
		441A0EE04CDDDEA20F6735071FBFB301 /* Disco */ = {
			isa = PBXGroup;
			children = (
				C931986C67D6DA0483D1171FA1E8A73B /* Disco.swift */,
				6CA03116E3B2CF088CED7033F737A4F4 /* UIView+Disco.swift */,
				2F3FFF8B214C21AD00F712E3 /* AnimationRunner.swift */,
				D0E4A98315BC1EF186BC1A7A732C660F /* Pod */,
				13031997B369DE61451FCF33BA1FE8C3 /* Support Files */,
			);
			name = Disco;
			path = ../..;
			sourceTree = "<group>";
		};
		5E0D919E635D23B70123790B8308F8EF /* iOS */ = {
			isa = PBXGroup;
			children = (
				5A16F4CFC63FAC439D7A04994F579A03 /* Foundation.framework */,
			);
			name = iOS;
			sourceTree = "<group>";
		};
		7DB346D0F39D3F0E887471402A8071AB = {
			isa = PBXGroup;
			children = (
				93A4A3777CF96A4AAC1D13BA6DCCEA73 /* Podfile */,
				13D2B4064E3A257F0475FD7EC7C6C95C /* Development Pods */,
				BC3CA7F9E30CC8F7E2DD044DD34432FC /* Frameworks */,
				145DFB9B1F153061A75D34D2EBBF600D /* Products */,
				9D343C3FD7760BB60D3AF7CF873095CE /* Targets Support Files */,
			);
			sourceTree = "<group>";
		};
		9D343C3FD7760BB60D3AF7CF873095CE /* Targets Support Files */ = {
			isa = PBXGroup;
			children = (
				A5653F5F353C22F6A6799307A17B8E76 /* Pods-Disco_Example */,
				D433B1B02384791160506E751022FB46 /* Pods-Disco_Tests */,
			);
			name = "Targets Support Files";
			sourceTree = "<group>";
		};
		A5653F5F353C22F6A6799307A17B8E76 /* Pods-Disco_Example */ = {
			isa = PBXGroup;
			children = (
				98E78900975D408E82F006340B45388F /* Info.plist */,
				5B6EB833165CD763C08FE0FDB7EA7AB4 /* Pods-Disco_Example.modulemap */,
				9A842EB5BD9A82C599C8F2B5695BE178 /* Pods-Disco_Example-acknowledgements.markdown */,
				C96C5F914851A43235F7BCCF130DC771 /* Pods-Disco_Example-acknowledgements.plist */,
				4BD808F7E6FC468AF823F10896E57926 /* Pods-Disco_Example-dummy.m */,
				FDA2A469908CFCD44F5DA6E1593AE276 /* Pods-Disco_Example-frameworks.sh */,
				3F73F5669F3F88400D6480345FA488ED /* Pods-Disco_Example-resources.sh */,
				1CCDAE0BD1691C837C1820BDF5AC8D61 /* Pods-Disco_Example-umbrella.h */,
				925E0D8A0C008E7AE74887271884FFBB /* Pods-Disco_Example.debug.xcconfig */,
				99A9ED05D0C390F974C0B7FCE51AB70D /* Pods-Disco_Example.release.xcconfig */,
			);
			name = "Pods-Disco_Example";
			path = "Target Support Files/Pods-Disco_Example";
			sourceTree = "<group>";
		};
		BC3CA7F9E30CC8F7E2DD044DD34432FC /* Frameworks */ = {
			isa = PBXGroup;
			children = (
				5E0D919E635D23B70123790B8308F8EF /* iOS */,
			);
			name = Frameworks;
			sourceTree = "<group>";
		};
		D0E4A98315BC1EF186BC1A7A732C660F /* Pod */ = {
			isa = PBXGroup;
			children = (
				AAE410360D5CE329DB671CFFE673B9C2 /* Disco.podspec */,
				6BE040F6CA2FCC63CAEF160D65391A60 /* LICENSE */,
				440AC68070F9B2AE737CB5FE2B57437D /* README.md */,
			);
			name = Pod;
			sourceTree = "<group>";
		};
		D433B1B02384791160506E751022FB46 /* Pods-Disco_Tests */ = {
			isa = PBXGroup;
			children = (
				E6BA98457E62A5E1AC2BC514A99FCCEA /* Info.plist */,
				2716CF7FE251D4D3CF1CDA4164FBB974 /* Pods-Disco_Tests.modulemap */,
				1D05EA969E4283219C5662F2FB375868 /* Pods-Disco_Tests-acknowledgements.markdown */,
				7704FEA23F1B80F98EC24F6ADB1C37C7 /* Pods-Disco_Tests-acknowledgements.plist */,
				CF9529092E7222CB8FEC9FC9F1FD8AF9 /* Pods-Disco_Tests-dummy.m */,
				D6A1828A8E37E9AFB23B423711518205 /* Pods-Disco_Tests-frameworks.sh */,
				133D3FE9614210BAE21D01C7A0BCB976 /* Pods-Disco_Tests-resources.sh */,
				3AC6AC19C4EAAF32462DDEBF464E9A8F /* Pods-Disco_Tests-umbrella.h */,
				D06CB3E377FC3EB7A881867E207A898C /* Pods-Disco_Tests.debug.xcconfig */,
				6A32ADB38E1E6396A23658116DCB757C /* Pods-Disco_Tests.release.xcconfig */,
			);
			name = "Pods-Disco_Tests";
			path = "Target Support Files/Pods-Disco_Tests";
			sourceTree = "<group>";
		};
/* End PBXGroup section */

/* Begin PBXHeadersBuildPhase section */
		4AC4AADBBEF78200CC6113AE3CF9F29E /* Headers */ = {
			isa = PBXHeadersBuildPhase;
			buildActionMask = 2147483647;
			files = (
				8752D0BE4D2A018341FF2C626B6FC8A6 /* Pods-Disco_Tests-umbrella.h in Headers */,
			);
			runOnlyForDeploymentPostprocessing = 0;
		};
		B70D20135D74DE62C33AF5E82DC27F60 /* Headers */ = {
			isa = PBXHeadersBuildPhase;
			buildActionMask = 2147483647;
			files = (
				8AC726C52379BD882F38342CE01E1201 /* Disco-umbrella.h in Headers */,
			);
			runOnlyForDeploymentPostprocessing = 0;
		};
		E3747DAD298043951116E54F8DCCC223 /* Headers */ = {
			isa = PBXHeadersBuildPhase;
			buildActionMask = 2147483647;
			files = (
				54DC54274ED62C741B41DDEDD5154163 /* Pods-Disco_Example-umbrella.h in Headers */,
			);
			runOnlyForDeploymentPostprocessing = 0;
		};
/* End PBXHeadersBuildPhase section */

/* Begin PBXNativeTarget section */
		0CB7A24973F613CD38BF687C9AA54DB7 /* Disco */ = {
			isa = PBXNativeTarget;
			buildConfigurationList = AD5D8A9998547E574E6BA245B026568B /* Build configuration list for PBXNativeTarget "Disco" */;
			buildPhases = (
				35D5A80585534D62B4655ABB6CA2B0EA /* Sources */,
				DDB62C1677A3C48696B8875DE16065AC /* Frameworks */,
				B70D20135D74DE62C33AF5E82DC27F60 /* Headers */,
			);
			buildRules = (
			);
			dependencies = (
			);
			name = Disco;
			productName = Disco;
			productReference = BC8E77EAFAA326ACC0BF482561881B74 /* Disco.framework */;
			productType = "com.apple.product-type.framework";
		};
		369F5754DDCE2A6A8B7532AC5838634C /* Pods-Disco_Example */ = {
			isa = PBXNativeTarget;
			buildConfigurationList = 7DE9AAAD3C51057DB03C64604BC8095D /* Build configuration list for PBXNativeTarget "Pods-Disco_Example" */;
			buildPhases = (
				F87B3F02D75063A9CAFB132240CEF8BD /* Sources */,
				6863C53E674CF60E6D306347383A6BB7 /* Frameworks */,
				E3747DAD298043951116E54F8DCCC223 /* Headers */,
			);
			buildRules = (
			);
			dependencies = (
				9456C7A9214FAD4B7C317EFB5862EF93 /* PBXTargetDependency */,
			);
			name = "Pods-Disco_Example";
			productName = "Pods-Disco_Example";
			productReference = 4D4A02D33BC7731B021F4B8CCF4385F4 /* Pods_Disco_Example.framework */;
			productType = "com.apple.product-type.framework";
		};
		B1ABF83115B22C8E5BDA10E851B38012 /* Pods-Disco_Tests */ = {
			isa = PBXNativeTarget;
			buildConfigurationList = DA221A1E06EB49D33FD47BC3DAFAB5BC /* Build configuration list for PBXNativeTarget "Pods-Disco_Tests" */;
			buildPhases = (
				D6B673B1B708C889116C64D4DBC022B6 /* Sources */,
				BE9B8F79329740178037A9647405E653 /* Frameworks */,
				4AC4AADBBEF78200CC6113AE3CF9F29E /* Headers */,
			);
			buildRules = (
			);
			dependencies = (
				7598492CD349DFA499AB0AD315F7A05C /* PBXTargetDependency */,
			);
			name = "Pods-Disco_Tests";
			productName = "Pods-Disco_Tests";
			productReference = E7FB337732536D9AC1FCB98E2EEF51D5 /* Pods_Disco_Tests.framework */;
			productType = "com.apple.product-type.framework";
		};
/* End PBXNativeTarget section */

/* Begin PBXProject section */
		D41D8CD98F00B204E9800998ECF8427E /* Project object */ = {
			isa = PBXProject;
			attributes = {
				LastSwiftUpdateCheck = 0930;
				LastUpgradeCheck = 0930;
			};
			buildConfigurationList = 2D8E8EC45A3A1A1D94AE762CB5028504 /* Build configuration list for PBXProject "Pods" */;
			compatibilityVersion = "Xcode 3.2";
			developmentRegion = English;
			hasScannedForEncodings = 0;
			knownRegions = (
				en,
			);
			mainGroup = 7DB346D0F39D3F0E887471402A8071AB;
			productRefGroup = 145DFB9B1F153061A75D34D2EBBF600D /* Products */;
			projectDirPath = "";
			projectRoot = "";
			targets = (
				0CB7A24973F613CD38BF687C9AA54DB7 /* Disco */,
				369F5754DDCE2A6A8B7532AC5838634C /* Pods-Disco_Example */,
				B1ABF83115B22C8E5BDA10E851B38012 /* Pods-Disco_Tests */,
			);
		};
/* End PBXProject section */

/* Begin PBXSourcesBuildPhase section */
		35D5A80585534D62B4655ABB6CA2B0EA /* Sources */ = {
			isa = PBXSourcesBuildPhase;
			buildActionMask = 2147483647;
			files = (
				EF298A455759CA7A5A67D1D08671090F /* Disco-dummy.m in Sources */,
				F0EB202CE7B896786B27F5D52AF87E8F /* Disco.swift in Sources */,
				2F3FFF8C214C21AD00F712E3 /* AnimationRunner.swift in Sources */,
				415206013F7FF03F8D31B81049B1C7EA /* UIView+Disco.swift in Sources */,
			);
			runOnlyForDeploymentPostprocessing = 0;
		};
		D6B673B1B708C889116C64D4DBC022B6 /* Sources */ = {
			isa = PBXSourcesBuildPhase;
			buildActionMask = 2147483647;
			files = (
				B6DBE0AFE580935EB5B027503CEC1922 /* Pods-Disco_Tests-dummy.m in Sources */,
			);
			runOnlyForDeploymentPostprocessing = 0;
		};
		F87B3F02D75063A9CAFB132240CEF8BD /* Sources */ = {
			isa = PBXSourcesBuildPhase;
			buildActionMask = 2147483647;
			files = (
				762A914C8DC92736E37E786F9EA5B947 /* Pods-Disco_Example-dummy.m in Sources */,
			);
			runOnlyForDeploymentPostprocessing = 0;
		};
/* End PBXSourcesBuildPhase section */

/* Begin PBXTargetDependency section */
		7598492CD349DFA499AB0AD315F7A05C /* PBXTargetDependency */ = {
			isa = PBXTargetDependency;
			name = "Pods-Disco_Example";
			target = 369F5754DDCE2A6A8B7532AC5838634C /* Pods-Disco_Example */;
			targetProxy = C677708960A41064895ED0336E997D03 /* PBXContainerItemProxy */;
		};
		9456C7A9214FAD4B7C317EFB5862EF93 /* PBXTargetDependency */ = {
			isa = PBXTargetDependency;
			name = Disco;
			target = 0CB7A24973F613CD38BF687C9AA54DB7 /* Disco */;
			targetProxy = B04E9B853869214B510FABA7EFA7E13B /* PBXContainerItemProxy */;
		};
/* End PBXTargetDependency section */

/* Begin XCBuildConfiguration section */
		2DCB667563DD6F1E217460430DDEDF6D /* Release */ = {
			isa = XCBuildConfiguration;
			baseConfigurationReference = 99A9ED05D0C390F974C0B7FCE51AB70D /* Pods-Disco_Example.release.xcconfig */;
			buildSettings = {
				ALWAYS_EMBED_SWIFT_STANDARD_LIBRARIES = NO;
				CLANG_ENABLE_OBJC_WEAK = NO;
				CODE_SIGN_IDENTITY = "";
				"CODE_SIGN_IDENTITY[sdk=appletvos*]" = "";
				"CODE_SIGN_IDENTITY[sdk=iphoneos*]" = "";
				"CODE_SIGN_IDENTITY[sdk=watchos*]" = "";
				CURRENT_PROJECT_VERSION = 1;
				DEFINES_MODULE = YES;
				DYLIB_COMPATIBILITY_VERSION = 1;
				DYLIB_CURRENT_VERSION = 1;
				DYLIB_INSTALL_NAME_BASE = "@rpath";
				INFOPLIST_FILE = "Target Support Files/Pods-Disco_Example/Info.plist";
				INSTALL_PATH = "$(LOCAL_LIBRARY_DIR)/Frameworks";
				IPHONEOS_DEPLOYMENT_TARGET = 10.0;
				LD_RUNPATH_SEARCH_PATHS = "$(inherited) @executable_path/Frameworks @loader_path/Frameworks";
				MACH_O_TYPE = staticlib;
				MODULEMAP_FILE = "Target Support Files/Pods-Disco_Example/Pods-Disco_Example.modulemap";
				OTHER_LDFLAGS = "";
				OTHER_LIBTOOLFLAGS = "";
				PODS_ROOT = "$(SRCROOT)";
				PRODUCT_BUNDLE_IDENTIFIER = "org.cocoapods.${PRODUCT_NAME:rfc1034identifier}";
				PRODUCT_NAME = "$(TARGET_NAME:c99extidentifier)";
				SDKROOT = iphoneos;
				SKIP_INSTALL = YES;
				SWIFT_OPTIMIZATION_LEVEL = "-Owholemodule";
				TARGETED_DEVICE_FAMILY = "1,2";
				VALIDATE_PRODUCT = YES;
				VERSIONING_SYSTEM = "apple-generic";
				VERSION_INFO_PREFIX = "";
			};
			name = Release;
		};
		2E294D868C78F6D156F3C1723BC87506 /* Release */ = {
			isa = XCBuildConfiguration;
			baseConfigurationReference = 077A446646524A0AB03912CAB437AF8A /* Disco.xcconfig */;
			buildSettings = {
				CLANG_ENABLE_OBJC_WEAK = NO;
				CODE_SIGN_IDENTITY = "";
				"CODE_SIGN_IDENTITY[sdk=appletvos*]" = "";
				"CODE_SIGN_IDENTITY[sdk=iphoneos*]" = "";
				"CODE_SIGN_IDENTITY[sdk=watchos*]" = "";
				CURRENT_PROJECT_VERSION = 1;
				DEFINES_MODULE = YES;
				DYLIB_COMPATIBILITY_VERSION = 1;
				DYLIB_CURRENT_VERSION = 1;
				DYLIB_INSTALL_NAME_BASE = "@rpath";
				GCC_PREFIX_HEADER = "Target Support Files/Disco/Disco-prefix.pch";
				INFOPLIST_FILE = "Target Support Files/Disco/Info.plist";
				INSTALL_PATH = "$(LOCAL_LIBRARY_DIR)/Frameworks";
				IPHONEOS_DEPLOYMENT_TARGET = 10.0;
				LD_RUNPATH_SEARCH_PATHS = "$(inherited) @executable_path/Frameworks @loader_path/Frameworks";
				MODULEMAP_FILE = "Target Support Files/Disco/Disco.modulemap";
				PRODUCT_MODULE_NAME = Disco;
				PRODUCT_NAME = Disco;
				SDKROOT = iphoneos;
				SKIP_INSTALL = YES;
				SWIFT_ACTIVE_COMPILATION_CONDITIONS = "$(inherited) ";
				SWIFT_OPTIMIZATION_LEVEL = "-Owholemodule";
				SWIFT_VERSION = 4.0;
				TARGETED_DEVICE_FAMILY = "1,2";
				VALIDATE_PRODUCT = YES;
				VERSIONING_SYSTEM = "apple-generic";
				VERSION_INFO_PREFIX = "";
			};
			name = Release;
		};
		553022A828EE1991F07D2D73F565AEF8 /* Debug */ = {
			isa = XCBuildConfiguration;
			buildSettings = {
				ALWAYS_SEARCH_USER_PATHS = NO;
				CLANG_ANALYZER_NONNULL = YES;
				CLANG_ANALYZER_NUMBER_OBJECT_CONVERSION = YES_AGGRESSIVE;
				CLANG_CXX_LANGUAGE_STANDARD = "gnu++14";
				CLANG_CXX_LIBRARY = "libc++";
				CLANG_ENABLE_MODULES = YES;
				CLANG_ENABLE_OBJC_ARC = YES;
				CLANG_ENABLE_OBJC_WEAK = YES;
				CLANG_WARN_BLOCK_CAPTURE_AUTORELEASING = YES;
				CLANG_WARN_BOOL_CONVERSION = YES;
				CLANG_WARN_COMMA = YES;
				CLANG_WARN_CONSTANT_CONVERSION = YES;
				CLANG_WARN_DEPRECATED_OBJC_IMPLEMENTATIONS = YES;
				CLANG_WARN_DIRECT_OBJC_ISA_USAGE = YES_ERROR;
				CLANG_WARN_DOCUMENTATION_COMMENTS = YES;
				CLANG_WARN_EMPTY_BODY = YES;
				CLANG_WARN_ENUM_CONVERSION = YES;
				CLANG_WARN_INFINITE_RECURSION = YES;
				CLANG_WARN_INT_CONVERSION = YES;
				CLANG_WARN_NON_LITERAL_NULL_CONVERSION = YES;
				CLANG_WARN_OBJC_IMPLICIT_RETAIN_SELF = YES;
				CLANG_WARN_OBJC_LITERAL_CONVERSION = YES;
				CLANG_WARN_OBJC_ROOT_CLASS = YES_ERROR;
				CLANG_WARN_RANGE_LOOP_ANALYSIS = YES;
				CLANG_WARN_STRICT_PROTOTYPES = YES;
				CLANG_WARN_SUSPICIOUS_MOVE = YES;
				CLANG_WARN_UNGUARDED_AVAILABILITY = YES_AGGRESSIVE;
				CLANG_WARN_UNREACHABLE_CODE = YES;
				CLANG_WARN__DUPLICATE_METHOD_MATCH = YES;
				CODE_SIGNING_ALLOWED = NO;
				CODE_SIGNING_REQUIRED = NO;
				COPY_PHASE_STRIP = NO;
				DEBUG_INFORMATION_FORMAT = dwarf;
				ENABLE_STRICT_OBJC_MSGSEND = YES;
				ENABLE_TESTABILITY = YES;
				GCC_C_LANGUAGE_STANDARD = gnu11;
				GCC_DYNAMIC_NO_PIC = NO;
				GCC_NO_COMMON_BLOCKS = YES;
				GCC_OPTIMIZATION_LEVEL = 0;
				GCC_PREPROCESSOR_DEFINITIONS = (
					"POD_CONFIGURATION_DEBUG=1",
					"DEBUG=1",
					"$(inherited)",
				);
				GCC_WARN_64_TO_32_BIT_CONVERSION = YES;
				GCC_WARN_ABOUT_RETURN_TYPE = YES_ERROR;
				GCC_WARN_UNDECLARED_SELECTOR = YES;
				GCC_WARN_UNINITIALIZED_AUTOS = YES_AGGRESSIVE;
				GCC_WARN_UNUSED_FUNCTION = YES;
				GCC_WARN_UNUSED_VARIABLE = YES;
				IPHONEOS_DEPLOYMENT_TARGET = 10.0;
				MTL_ENABLE_DEBUG_INFO = YES;
				ONLY_ACTIVE_ARCH = YES;
				PRODUCT_NAME = "$(TARGET_NAME)";
				STRIP_INSTALLED_PRODUCT = NO;
				SWIFT_ACTIVE_COMPILATION_CONDITIONS = DEBUG;
				SYMROOT = "${SRCROOT}/../build";
			};
			name = Debug;
		};
		58CE816B060A41D32CEC095441D0E3E0 /* Release */ = {
			isa = XCBuildConfiguration;
			buildSettings = {
				ALWAYS_SEARCH_USER_PATHS = NO;
				CLANG_ANALYZER_NONNULL = YES;
				CLANG_ANALYZER_NUMBER_OBJECT_CONVERSION = YES_AGGRESSIVE;
				CLANG_CXX_LANGUAGE_STANDARD = "gnu++14";
				CLANG_CXX_LIBRARY = "libc++";
				CLANG_ENABLE_MODULES = YES;
				CLANG_ENABLE_OBJC_ARC = YES;
				CLANG_ENABLE_OBJC_WEAK = YES;
				CLANG_WARN_BLOCK_CAPTURE_AUTORELEASING = YES;
				CLANG_WARN_BOOL_CONVERSION = YES;
				CLANG_WARN_COMMA = YES;
				CLANG_WARN_CONSTANT_CONVERSION = YES;
				CLANG_WARN_DEPRECATED_OBJC_IMPLEMENTATIONS = YES;
				CLANG_WARN_DIRECT_OBJC_ISA_USAGE = YES_ERROR;
				CLANG_WARN_DOCUMENTATION_COMMENTS = YES;
				CLANG_WARN_EMPTY_BODY = YES;
				CLANG_WARN_ENUM_CONVERSION = YES;
				CLANG_WARN_INFINITE_RECURSION = YES;
				CLANG_WARN_INT_CONVERSION = YES;
				CLANG_WARN_NON_LITERAL_NULL_CONVERSION = YES;
				CLANG_WARN_OBJC_IMPLICIT_RETAIN_SELF = YES;
				CLANG_WARN_OBJC_LITERAL_CONVERSION = YES;
				CLANG_WARN_OBJC_ROOT_CLASS = YES_ERROR;
				CLANG_WARN_RANGE_LOOP_ANALYSIS = YES;
				CLANG_WARN_STRICT_PROTOTYPES = YES;
				CLANG_WARN_SUSPICIOUS_MOVE = YES;
				CLANG_WARN_UNGUARDED_AVAILABILITY = YES_AGGRESSIVE;
				CLANG_WARN_UNREACHABLE_CODE = YES;
				CLANG_WARN__DUPLICATE_METHOD_MATCH = YES;
				CODE_SIGNING_ALLOWED = NO;
				CODE_SIGNING_REQUIRED = NO;
				COPY_PHASE_STRIP = NO;
				DEBUG_INFORMATION_FORMAT = "dwarf-with-dsym";
				ENABLE_NS_ASSERTIONS = NO;
				ENABLE_STRICT_OBJC_MSGSEND = YES;
				GCC_C_LANGUAGE_STANDARD = gnu11;
				GCC_NO_COMMON_BLOCKS = YES;
				GCC_PREPROCESSOR_DEFINITIONS = (
					"POD_CONFIGURATION_RELEASE=1",
					"$(inherited)",
				);
				GCC_WARN_64_TO_32_BIT_CONVERSION = YES;
				GCC_WARN_ABOUT_RETURN_TYPE = YES_ERROR;
				GCC_WARN_UNDECLARED_SELECTOR = YES;
				GCC_WARN_UNINITIALIZED_AUTOS = YES_AGGRESSIVE;
				GCC_WARN_UNUSED_FUNCTION = YES;
				GCC_WARN_UNUSED_VARIABLE = YES;
				IPHONEOS_DEPLOYMENT_TARGET = 10.0;
				MTL_ENABLE_DEBUG_INFO = NO;
				PRODUCT_NAME = "$(TARGET_NAME)";
				STRIP_INSTALLED_PRODUCT = NO;
				SYMROOT = "${SRCROOT}/../build";
			};
			name = Release;
		};
		7816ED3ECC17B549348ACD186069A27C /* Release */ = {
			isa = XCBuildConfiguration;
			baseConfigurationReference = 6A32ADB38E1E6396A23658116DCB757C /* Pods-Disco_Tests.release.xcconfig */;
			buildSettings = {
				ALWAYS_EMBED_SWIFT_STANDARD_LIBRARIES = NO;
				CLANG_ENABLE_OBJC_WEAK = NO;
				CODE_SIGN_IDENTITY = "";
				"CODE_SIGN_IDENTITY[sdk=appletvos*]" = "";
				"CODE_SIGN_IDENTITY[sdk=iphoneos*]" = "";
				"CODE_SIGN_IDENTITY[sdk=watchos*]" = "";
				CURRENT_PROJECT_VERSION = 1;
				DEFINES_MODULE = YES;
				DYLIB_COMPATIBILITY_VERSION = 1;
				DYLIB_CURRENT_VERSION = 1;
				DYLIB_INSTALL_NAME_BASE = "@rpath";
				INFOPLIST_FILE = "Target Support Files/Pods-Disco_Tests/Info.plist";
				INSTALL_PATH = "$(LOCAL_LIBRARY_DIR)/Frameworks";
				IPHONEOS_DEPLOYMENT_TARGET = 10.0;
				LD_RUNPATH_SEARCH_PATHS = "$(inherited) @executable_path/Frameworks @loader_path/Frameworks";
				MACH_O_TYPE = staticlib;
				MODULEMAP_FILE = "Target Support Files/Pods-Disco_Tests/Pods-Disco_Tests.modulemap";
				OTHER_LDFLAGS = "";
				OTHER_LIBTOOLFLAGS = "";
				PODS_ROOT = "$(SRCROOT)";
				PRODUCT_BUNDLE_IDENTIFIER = "org.cocoapods.${PRODUCT_NAME:rfc1034identifier}";
				PRODUCT_NAME = "$(TARGET_NAME:c99extidentifier)";
				SDKROOT = iphoneos;
				SKIP_INSTALL = YES;
				TARGETED_DEVICE_FAMILY = "1,2";
				VALIDATE_PRODUCT = YES;
				VERSIONING_SYSTEM = "apple-generic";
				VERSION_INFO_PREFIX = "";
			};
			name = Release;
		};
		9B2EDF5311DE2DE656E31C59643C8B43 /* Debug */ = {
			isa = XCBuildConfiguration;
			baseConfigurationReference = 925E0D8A0C008E7AE74887271884FFBB /* Pods-Disco_Example.debug.xcconfig */;
			buildSettings = {
				ALWAYS_EMBED_SWIFT_STANDARD_LIBRARIES = NO;
				CLANG_ENABLE_OBJC_WEAK = NO;
				CODE_SIGN_IDENTITY = "";
				"CODE_SIGN_IDENTITY[sdk=appletvos*]" = "";
				"CODE_SIGN_IDENTITY[sdk=iphoneos*]" = "";
				"CODE_SIGN_IDENTITY[sdk=watchos*]" = "";
				CURRENT_PROJECT_VERSION = 1;
				DEFINES_MODULE = YES;
				DYLIB_COMPATIBILITY_VERSION = 1;
				DYLIB_CURRENT_VERSION = 1;
				DYLIB_INSTALL_NAME_BASE = "@rpath";
				INFOPLIST_FILE = "Target Support Files/Pods-Disco_Example/Info.plist";
				INSTALL_PATH = "$(LOCAL_LIBRARY_DIR)/Frameworks";
				IPHONEOS_DEPLOYMENT_TARGET = 10.0;
				LD_RUNPATH_SEARCH_PATHS = "$(inherited) @executable_path/Frameworks @loader_path/Frameworks";
				MACH_O_TYPE = staticlib;
				MODULEMAP_FILE = "Target Support Files/Pods-Disco_Example/Pods-Disco_Example.modulemap";
				OTHER_LDFLAGS = "";
				OTHER_LIBTOOLFLAGS = "";
				PODS_ROOT = "$(SRCROOT)";
				PRODUCT_BUNDLE_IDENTIFIER = "org.cocoapods.${PRODUCT_NAME:rfc1034identifier}";
				PRODUCT_NAME = "$(TARGET_NAME:c99extidentifier)";
				SDKROOT = iphoneos;
				SKIP_INSTALL = YES;
				SWIFT_ACTIVE_COMPILATION_CONDITIONS = DEBUG;
				SWIFT_OPTIMIZATION_LEVEL = "-Onone";
				TARGETED_DEVICE_FAMILY = "1,2";
				VERSIONING_SYSTEM = "apple-generic";
				VERSION_INFO_PREFIX = "";
			};
			name = Debug;
		};
		9CDCAA81D32F1356336E648E814575D8 /* Debug */ = {
			isa = XCBuildConfiguration;
			baseConfigurationReference = D06CB3E377FC3EB7A881867E207A898C /* Pods-Disco_Tests.debug.xcconfig */;
			buildSettings = {
				ALWAYS_EMBED_SWIFT_STANDARD_LIBRARIES = NO;
				CLANG_ENABLE_OBJC_WEAK = NO;
				CODE_SIGN_IDENTITY = "";
				"CODE_SIGN_IDENTITY[sdk=appletvos*]" = "";
				"CODE_SIGN_IDENTITY[sdk=iphoneos*]" = "";
				"CODE_SIGN_IDENTITY[sdk=watchos*]" = "";
				CURRENT_PROJECT_VERSION = 1;
				DEFINES_MODULE = YES;
				DYLIB_COMPATIBILITY_VERSION = 1;
				DYLIB_CURRENT_VERSION = 1;
				DYLIB_INSTALL_NAME_BASE = "@rpath";
				INFOPLIST_FILE = "Target Support Files/Pods-Disco_Tests/Info.plist";
				INSTALL_PATH = "$(LOCAL_LIBRARY_DIR)/Frameworks";
				IPHONEOS_DEPLOYMENT_TARGET = 10.0;
				LD_RUNPATH_SEARCH_PATHS = "$(inherited) @executable_path/Frameworks @loader_path/Frameworks";
				MACH_O_TYPE = staticlib;
				MODULEMAP_FILE = "Target Support Files/Pods-Disco_Tests/Pods-Disco_Tests.modulemap";
				OTHER_LDFLAGS = "";
				OTHER_LIBTOOLFLAGS = "";
				PODS_ROOT = "$(SRCROOT)";
				PRODUCT_BUNDLE_IDENTIFIER = "org.cocoapods.${PRODUCT_NAME:rfc1034identifier}";
				PRODUCT_NAME = "$(TARGET_NAME:c99extidentifier)";
				SDKROOT = iphoneos;
				SKIP_INSTALL = YES;
				TARGETED_DEVICE_FAMILY = "1,2";
				VERSIONING_SYSTEM = "apple-generic";
				VERSION_INFO_PREFIX = "";
			};
			name = Debug;
		};
		9D4DA5953EB2805BB0F2DDE1808CC274 /* Debug */ = {
			isa = XCBuildConfiguration;
			baseConfigurationReference = 077A446646524A0AB03912CAB437AF8A /* Disco.xcconfig */;
			buildSettings = {
				CLANG_ENABLE_OBJC_WEAK = NO;
				CODE_SIGN_IDENTITY = "";
				"CODE_SIGN_IDENTITY[sdk=appletvos*]" = "";
				"CODE_SIGN_IDENTITY[sdk=iphoneos*]" = "";
				"CODE_SIGN_IDENTITY[sdk=watchos*]" = "";
				CURRENT_PROJECT_VERSION = 1;
				DEFINES_MODULE = YES;
				DYLIB_COMPATIBILITY_VERSION = 1;
				DYLIB_CURRENT_VERSION = 1;
				DYLIB_INSTALL_NAME_BASE = "@rpath";
				GCC_PREFIX_HEADER = "Target Support Files/Disco/Disco-prefix.pch";
				INFOPLIST_FILE = "Target Support Files/Disco/Info.plist";
				INSTALL_PATH = "$(LOCAL_LIBRARY_DIR)/Frameworks";
				IPHONEOS_DEPLOYMENT_TARGET = 10.0;
				LD_RUNPATH_SEARCH_PATHS = "$(inherited) @executable_path/Frameworks @loader_path/Frameworks";
				MODULEMAP_FILE = "Target Support Files/Disco/Disco.modulemap";
				PRODUCT_MODULE_NAME = Disco;
				PRODUCT_NAME = Disco;
				SDKROOT = iphoneos;
				SKIP_INSTALL = YES;
				SWIFT_ACTIVE_COMPILATION_CONDITIONS = "$(inherited) ";
				SWIFT_OPTIMIZATION_LEVEL = "-Onone";
				SWIFT_VERSION = 4.0;
				TARGETED_DEVICE_FAMILY = "1,2";
				VERSIONING_SYSTEM = "apple-generic";
				VERSION_INFO_PREFIX = "";
			};
			name = Debug;
		};
/* End XCBuildConfiguration section */

/* Begin XCConfigurationList section */
		2D8E8EC45A3A1A1D94AE762CB5028504 /* Build configuration list for PBXProject "Pods" */ = {
			isa = XCConfigurationList;
			buildConfigurations = (
				553022A828EE1991F07D2D73F565AEF8 /* Debug */,
				58CE816B060A41D32CEC095441D0E3E0 /* Release */,
			);
			defaultConfigurationIsVisible = 0;
			defaultConfigurationName = Release;
		};
		7DE9AAAD3C51057DB03C64604BC8095D /* Build configuration list for PBXNativeTarget "Pods-Disco_Example" */ = {
			isa = XCConfigurationList;
			buildConfigurations = (
				9B2EDF5311DE2DE656E31C59643C8B43 /* Debug */,
				2DCB667563DD6F1E217460430DDEDF6D /* Release */,
			);
			defaultConfigurationIsVisible = 0;
			defaultConfigurationName = Release;
		};
		AD5D8A9998547E574E6BA245B026568B /* Build configuration list for PBXNativeTarget "Disco" */ = {
			isa = XCConfigurationList;
			buildConfigurations = (
				9D4DA5953EB2805BB0F2DDE1808CC274 /* Debug */,
				2E294D868C78F6D156F3C1723BC87506 /* Release */,
			);
			defaultConfigurationIsVisible = 0;
			defaultConfigurationName = Release;
		};
		DA221A1E06EB49D33FD47BC3DAFAB5BC /* Build configuration list for PBXNativeTarget "Pods-Disco_Tests" */ = {
			isa = XCConfigurationList;
			buildConfigurations = (
				9CDCAA81D32F1356336E648E814575D8 /* Debug */,
				7816ED3ECC17B549348ACD186069A27C /* Release */,
			);
			defaultConfigurationIsVisible = 0;
			defaultConfigurationName = Release;
		};
/* End XCConfigurationList section */
	};
	rootObject = D41D8CD98F00B204E9800998ECF8427E /* Project object */;
}
